
Microsoft Visual Studio Solution File, Format Version 12.00
# Visual Studio Version 17
VisualStudioVersion = 17.11.35208.52
MinimumVisualStudioVersion = 10.0.40219.1
Project("{FAE04EC0-301F-11D3-BF4B-00C04F79EFBC}") = "PracticeProjectReact.Server", "PracticeProjectReact.Server\PracticeProjectReact.Server.csproj", "{845DD406-DE94-4C46-A751-51F04619C07C}"
EndProject
Project("{54A90642-561A-4BB1-A94E-469ADEE60C69}") = "practiceprojectreact.client", "practiceprojectreact.client\practiceprojectreact.client.esproj", "{7E62FE61-6DA0-47E5-AFB4-CF2CD9BAD770}"
EndProject
Global
	GlobalSection(SolutionConfigurationPlatforms) = preSolution
		Debug|Any CPU = Debug|Any CPU
		Release|Any CPU = Release|Any CPU
	EndGlobalSection
	GlobalSection(ProjectConfigurationPlatforms) = postSolution
		{845DD406-DE94-4C46-A751-51F04619C07C}.Debug|Any CPU.ActiveCfg = Debug|Any CPU
		{845DD406-DE94-4C46-A751-51F04619C07C}.Debug|Any CPU.Build.0 = Debug|Any CPU
		{845DD406-DE94-4C46-A751-51F04619C07C}.Release|Any CPU.ActiveCfg = Release|Any CPU
		{845DD406-DE94-4C46-A751-51F04619C07C}.Release|Any CPU.Build.0 = Release|Any CPU
		{7E62FE61-6DA0-47E5-AFB4-CF2CD9BAD770}.Debug|Any CPU.ActiveCfg = Debug|Any CPU
		{7E62FE61-6DA0-47E5-AFB4-CF2CD9BAD770}.Debug|Any CPU.Build.0 = Debug|Any CPU
		{7E62FE61-6DA0-47E5-AFB4-CF2CD9BAD770}.Debug|Any CPU.Deploy.0 = Debug|Any CPU
		{7E62FE61-6DA0-47E5-AFB4-CF2CD9BAD770}.Release|Any CPU.ActiveCfg = Release|Any CPU
		{7E62FE61-6DA0-47E5-AFB4-CF2CD9BAD770}.Release|Any CPU.Build.0 = Release|Any CPU
		{7E62FE61-6DA0-47E5-AFB4-CF2CD9BAD770}.Release|Any CPU.Deploy.0 = Release|Any CPU
	EndGlobalSection
	GlobalSection(SolutionProperties) = preSolution
		HideSolutionNode = FALSE
	EndGlobalSection
	GlobalSection(ExtensibilityGlobals) = postSolution
		SolutionGuid = {F489F952-AF22-43B4-9891-14ACD0F25469}
	EndGlobalSection
EndGlobal
